{
  "name": "comic-assistant",
  "version": "1.0.0",
  "lockfileVersion": 1,
  "requires": true,
  "dependencies": {
    "eslint-plugin-flowtype": {
      "version": "2.46.3",
      "resolved": "http://registry.npm.taobao.org/eslint-plugin-flowtype/download/eslint-plugin-flowtype-2.46.3.tgz",
      "integrity": "sha1-foQTHYfvGLSWsYEESFkzdIYLTo4=",
      "dev": true,
      "requires": {
        "lodash": "4.17.10"
      }
    },
    "flow": {
      "version": "0.2.3",
      "resolved": "http://registry.npm.taobao.org/flow/download/flow-0.2.3.tgz",
      "integrity": "sha1-+Npl76JJEn7Jk3aiiJZXKpeV0a8=",
      "dev": true
    },
    "flow-bin": {
      "version": "0.70.0",
      "resolved": "http://registry.npm.taobao.org/flow-bin/download/flow-bin-0.70.0.tgz",
      "integrity": "sha1-CAroOpl/K03bPcJkm/EzNoJSkrU=",
      "dev": true
    },
    "lodash": {
      "version": "4.17.10",
      "resolved": "http://registry.npm.taobao.org/lodash/download/lodash-4.17.10.tgz",
      "integrity": "sha1-G3eTz3JZ6jj7NmHU04syYK+K5Oc=",
      "dev": true
    }
  }
}
